
Microsoft Visual Studio Solution File, Format Version 12.00
# Visual Studio 2012
Project("{FAE04EC0-301F-11D3-BF4B-00C04F79EFBC}") = "SampleWPFApplication", "SampleWPFApplication.csproj", "{325A8FD1-C722-4D45-9EA0-46BF1E05103F}"
	ProjectSection(ProjectDependencies) = postProject
		{0444C202-4A17-48C3-AAC1-0B226A758472} = {0444C202-4A17-48C3-AAC1-0B226A758472}
	EndProjectSection
EndProject
Project("{FAE04EC0-301F-11D3-BF4B-00C04F79EFBC}") = "DictaTest", "..\DictaTest\DictaTest.csproj", "{182B3040-6F71-4840-8A30-0DF78FFA7E16}"
	ProjectSection(ProjectDependencies) = postProject
		{0444C202-4A17-48C3-AAC1-0B226A758472} = {0444C202-4A17-48C3-AAC1-0B226A758472}
	EndProjectSection
EndProject
Project("{FAE04EC0-301F-11D3-BF4B-00C04F79EFBC}") = "DictaWPF", "..\DictaWPF\DictaWPF.csproj", "{0444C202-4A17-48C3-AAC1-0B226A758472}"
EndProject
Project("{FAE04EC0-301F-11D3-BF4B-00C04F79EFBC}") = "DictaSqlite", "..\DictaSqlite\DictaSqlite.csproj", "{4F26D89A-8025-4A5C-94CC-114C587745D6}"
	ProjectSection(ProjectDependencies) = postProject
		{0444C202-4A17-48C3-AAC1-0B226A758472} = {0444C202-4A17-48C3-AAC1-0B226A758472}
	EndProjectSection
EndProject
Global
	GlobalSection(SolutionConfigurationPlatforms) = preSolution
		Debug|Any CPU = Debug|Any CPU
		Release|Any CPU = Release|Any CPU
	EndGlobalSection
	GlobalSection(ProjectConfigurationPlatforms) = postSolution
		{325A8FD1-C722-4D45-9EA0-46BF1E05103F}.Debug|Any CPU.ActiveCfg = Debug|Any CPU
		{325A8FD1-C722-4D45-9EA0-46BF1E05103F}.Debug|Any CPU.Build.0 = Debug|Any CPU
		{325A8FD1-C722-4D45-9EA0-46BF1E05103F}.Release|Any CPU.ActiveCfg = Release|Any CPU
		{325A8FD1-C722-4D45-9EA0-46BF1E05103F}.Release|Any CPU.Build.0 = Release|Any CPU
		{182B3040-6F71-4840-8A30-0DF78FFA7E16}.Debug|Any CPU.ActiveCfg = Debug|Any CPU
		{182B3040-6F71-4840-8A30-0DF78FFA7E16}.Debug|Any CPU.Build.0 = Debug|Any CPU
		{182B3040-6F71-4840-8A30-0DF78FFA7E16}.Release|Any CPU.ActiveCfg = Release|Any CPU
		{182B3040-6F71-4840-8A30-0DF78FFA7E16}.Release|Any CPU.Build.0 = Release|Any CPU
		{0444C202-4A17-48C3-AAC1-0B226A758472}.Debug|Any CPU.ActiveCfg = Debug|Any CPU
		{0444C202-4A17-48C3-AAC1-0B226A758472}.Debug|Any CPU.Build.0 = Debug|Any CPU
		{0444C202-4A17-48C3-AAC1-0B226A758472}.Release|Any CPU.ActiveCfg = Release|Any CPU
		{0444C202-4A17-48C3-AAC1-0B226A758472}.Release|Any CPU.Build.0 = Release|Any CPU
		{4F26D89A-8025-4A5C-94CC-114C587745D6}.Debug|Any CPU.ActiveCfg = Debug|Any CPU
		{4F26D89A-8025-4A5C-94CC-114C587745D6}.Debug|Any CPU.Build.0 = Debug|Any CPU
		{4F26D89A-8025-4A5C-94CC-114C587745D6}.Release|Any CPU.ActiveCfg = Release|Any CPU
		{4F26D89A-8025-4A5C-94CC-114C587745D6}.Release|Any CPU.Build.0 = Release|Any CPU
	EndGlobalSection
	GlobalSection(SolutionProperties) = preSolution
		HideSolutionNode = FALSE
	EndGlobalSection
EndGlobal
